
Microsoft Visual Studio Solution File, Format Version 11.00
# Visual Studio 2010
Project("{FAE04EC0-301F-11D3-BF4B-00C04F79EFBC}") = "ERP2_PROJECT", "ERP2_PROJECT\ERP2_PROJECT.csproj", "{6ACB133D-CEAB-45A1-9685-85F06A390CAB}"
EndProject
Global
	GlobalSection(SolutionConfigurationPlatforms) = preSolution
		Debug|x86 = Debug|x86
		Release|x86 = Release|x86
	EndGlobalSection
	GlobalSection(ProjectConfigurationPlatforms) = postSolution
		{6ACB133D-CEAB-45A1-9685-85F06A390CAB}.Debug|x86.ActiveCfg = Debug|x86
		{6ACB133D-CEAB-45A1-9685-85F06A390CAB}.Debug|x86.Build.0 = Debug|x86
		{6ACB133D-CEAB-45A1-9685-85F06A390CAB}.Release|x86.ActiveCfg = Release|x86
		{6ACB133D-CEAB-45A1-9685-85F06A390CAB}.Release|x86.Build.0 = Release|x86
	EndGlobalSection
	GlobalSection(SolutionProperties) = preSolution
		HideSolutionNode = FALSE
	EndGlobalSection
EndGlobal
